
Microsoft Visual Studio Solution File, Format Version 12.00
# Visual Studio Version 17
VisualStudioVersion = 17.8.34309.116
MinimumVisualStudioVersion = 10.0.40219.1
Project("{FAE04EC0-301F-11D3-BF4B-00C04F79EFBC}") = "OverlayCraft", "OverlayCraft\OverlayCraft.csproj", "{996268DD-2961-4030-8420-23BBE1809EEC}"
EndProject
Project("{54435603-DBB4-11D2-8724-00A0C9A8B90C}") = "SetupOverlayCraft", "SetupOverlayCraft\SetupOverlayCraft.vdproj", "{D70E6A25-6B76-49A3-9DF6-4F93CB6A094E}"
EndProject
Global
	GlobalSection(SolutionConfigurationPlatforms) = preSolution
		Debug|Any CPU = Debug|Any CPU
		Release|Any CPU = Release|Any CPU
	EndGlobalSection
	GlobalSection(ProjectConfigurationPlatforms) = postSolution
		{996268DD-2961-4030-8420-23BBE1809EEC}.Debug|Any CPU.ActiveCfg = Debug|Any CPU
		{996268DD-2961-4030-8420-23BBE1809EEC}.Debug|Any CPU.Build.0 = Debug|Any CPU
		{996268DD-2961-4030-8420-23BBE1809EEC}.Release|Any CPU.ActiveCfg = Release|Any CPU
		{996268DD-2961-4030-8420-23BBE1809EEC}.Release|Any CPU.Build.0 = Release|Any CPU
		{D70E6A25-6B76-49A3-9DF6-4F93CB6A094E}.Debug|Any CPU.ActiveCfg = Debug
		{D70E6A25-6B76-49A3-9DF6-4F93CB6A094E}.Debug|Any CPU.Build.0 = Debug
		{D70E6A25-6B76-49A3-9DF6-4F93CB6A094E}.Release|Any CPU.ActiveCfg = Release
	EndGlobalSection
	GlobalSection(SolutionProperties) = preSolution
		HideSolutionNode = FALSE
	EndGlobalSection
	GlobalSection(ExtensibilityGlobals) = postSolution
		SolutionGuid = {34C73EDC-91B0-49C9-9218-904540204FB7}
	EndGlobalSection
EndGlobal
